github.com/go-compressions/matchlen v0.1.0 h1:L+VO1phaYwcixyayvT7tLSHEwDaveOr4RMdaE445dF0=
github.com/go-compressions/matchlen v0.1.0/go.mod h1:zvMloPACCOmtUdiow9teTtA2ExlPLKjQn5a2UcpgQx0=
github.com/pierrec/lz4/v4 v4.1.27 h1:+PhzhWDrjRj89TH2sw43nE3+4+W8lSxIuQadEHZyjUk=
github.com/pierrec/lz4/v4 v4.1.27/go.mod h1:EoQMVJgeeEOMsCqCzqFm2O0cJvljX2nGZjcRIPL34O4=
